
Microsoft Visual Studio Solution File, Format Version 11.00
# Visual Studio 2010
Project("{FAE04EC0-301F-11D3-BF4B-00C04F79EFBC}") = "Assembly-CSharp", "Assembly-CSharp.csproj", "{C6B4CD1A-373D-3D47-B516-C75BE3DC4CCE}"
EndProject
Project("{FAE04EC0-301F-11D3-BF4B-00C04F79EFBC}") = "Assembly-CSharp-Editor", "Assembly-CSharp-Editor.csproj", "{C572D3F7-6775-ED7F-2EC6-9FF8CE6CCF59}"
EndProject
Global
	GlobalSection(SolutionConfigurationPlatforms) = preSolution
		Debug|Any CPU = Debug|Any CPU
		Release|Any CPU = Release|Any CPU
	EndGlobalSection
	GlobalSection(ProjectConfigurationPlatforms) = postSolution
		{C6B4CD1A-373D-3D47-B516-C75BE3DC4CCE}.Debug|Any CPU.ActiveCfg = Debug|Any CPU
		{C6B4CD1A-373D-3D47-B516-C75BE3DC4CCE}.Debug|Any CPU.Build.0 = Debug|Any CPU
		{C6B4CD1A-373D-3D47-B516-C75BE3DC4CCE}.Release|Any CPU.ActiveCfg = Release|Any CPU
		{C6B4CD1A-373D-3D47-B516-C75BE3DC4CCE}.Release|Any CPU.Build.0 = Release|Any CPU
		{C572D3F7-6775-ED7F-2EC6-9FF8CE6CCF59}.Debug|Any CPU.ActiveCfg = Debug|Any CPU
		{C572D3F7-6775-ED7F-2EC6-9FF8CE6CCF59}.Debug|Any CPU.Build.0 = Debug|Any CPU
		{C572D3F7-6775-ED7F-2EC6-9FF8CE6CCF59}.Release|Any CPU.ActiveCfg = Release|Any CPU
		{C572D3F7-6775-ED7F-2EC6-9FF8CE6CCF59}.Release|Any CPU.Build.0 = Release|Any CPU
	EndGlobalSection
	GlobalSection(SolutionProperties) = preSolution
		HideSolutionNode = FALSE
	EndGlobalSection
EndGlobal
